
Microsoft Visual Studio Solution File, Format Version 12.00
# Visual Studio Version 17
VisualStudioVersion = 17.13.35825.156
MinimumVisualStudioVersion = 10.0.40219.1
Project("{FAE04EC0-301F-11D3-BF4B-00C04F79EFBC}") = "IMDB.Domain", "IMDB.Domain\IMDB.Domain.csproj", "{FFFFFC7E-F0FC-4B39-B042-4151A1AEEEAB}"
EndProject
Project("{FAE04EC0-301F-11D3-BF4B-00C04F79EFBC}") = "IMDB.Application", "IMDB.Application\IMDB.Application.csproj", "{6A9D105F-3B05-4FC0-ADCB-B5BC5572FE9B}"
EndProject
Project("{FAE04EC0-301F-11D3-BF4B-00C04F79EFBC}") = "IMDB.Infrastructure", "IMDB.Infrastructure\IMDB.Infrastructure.csproj", "{98DD1F03-4079-42BE-9C3E-4B1D6654A064}"
EndProject
Project("{FAE04EC0-301F-11D3-BF4B-00C04F79EFBC}") = "IMDB.WEB.API", "IMDB.WEB.API\IMDB.WEB.API.csproj", "{BE158E50-5EFD-464D-75EA-EC8FD5BAE638}"
EndProject
Project("{E53339B2-1760-4266-BCC7-CA923CBCF16C}") = "docker-compose", "docker-compose.dcproj", "{81DDED9D-158B-E303-5F62-77A2896D2A5A}"
EndProject
Project("{2150E333-8FDC-42A3-9474-1A3956D46DE8}") = "tests", "tests", "{02EA681E-C7D8-13C7-8484-4AC65E1B71E8}"
EndProject
Project("{FAE04EC0-301F-11D3-BF4B-00C04F79EFBC}") = "IMDB.Module.Tests", "tests\IMDB.Module.Tests\IMDB.Module.Tests.csproj", "{73C45FAD-109D-418B-9AFC-9EE34692DA91}"
EndProject
Global
	GlobalSection(SolutionConfigurationPlatforms) = preSolution
		Debug|Any CPU = Debug|Any CPU
		Release|Any CPU = Release|Any CPU
	EndGlobalSection
	GlobalSection(ProjectConfigurationPlatforms) = postSolution
		{FFFFFC7E-F0FC-4B39-B042-4151A1AEEEAB}.Debug|Any CPU.ActiveCfg = Debug|Any CPU
		{FFFFFC7E-F0FC-4B39-B042-4151A1AEEEAB}.Debug|Any CPU.Build.0 = Debug|Any CPU
		{FFFFFC7E-F0FC-4B39-B042-4151A1AEEEAB}.Release|Any CPU.ActiveCfg = Release|Any CPU
		{FFFFFC7E-F0FC-4B39-B042-4151A1AEEEAB}.Release|Any CPU.Build.0 = Release|Any CPU
		{6A9D105F-3B05-4FC0-ADCB-B5BC5572FE9B}.Debug|Any CPU.ActiveCfg = Debug|Any CPU
		{6A9D105F-3B05-4FC0-ADCB-B5BC5572FE9B}.Debug|Any CPU.Build.0 = Debug|Any CPU
		{6A9D105F-3B05-4FC0-ADCB-B5BC5572FE9B}.Release|Any CPU.ActiveCfg = Release|Any CPU
		{6A9D105F-3B05-4FC0-ADCB-B5BC5572FE9B}.Release|Any CPU.Build.0 = Release|Any CPU
		{98DD1F03-4079-42BE-9C3E-4B1D6654A064}.Debug|Any CPU.ActiveCfg = Debug|Any CPU
		{98DD1F03-4079-42BE-9C3E-4B1D6654A064}.Debug|Any CPU.Build.0 = Debug|Any CPU
		{98DD1F03-4079-42BE-9C3E-4B1D6654A064}.Release|Any CPU.ActiveCfg = Release|Any CPU
		{98DD1F03-4079-42BE-9C3E-4B1D6654A064}.Release|Any CPU.Build.0 = Release|Any CPU
		{BE158E50-5EFD-464D-75EA-EC8FD5BAE638}.Debug|Any CPU.ActiveCfg = Debug|Any CPU
		{BE158E50-5EFD-464D-75EA-EC8FD5BAE638}.Debug|Any CPU.Build.0 = Debug|Any CPU
		{BE158E50-5EFD-464D-75EA-EC8FD5BAE638}.Release|Any CPU.ActiveCfg = Release|Any CPU
		{BE158E50-5EFD-464D-75EA-EC8FD5BAE638}.Release|Any CPU.Build.0 = Release|Any CPU
		{81DDED9D-158B-E303-5F62-77A2896D2A5A}.Debug|Any CPU.ActiveCfg = Debug|Any CPU
		{81DDED9D-158B-E303-5F62-77A2896D2A5A}.Debug|Any CPU.Build.0 = Debug|Any CPU
		{81DDED9D-158B-E303-5F62-77A2896D2A5A}.Release|Any CPU.ActiveCfg = Release|Any CPU
		{81DDED9D-158B-E303-5F62-77A2896D2A5A}.Release|Any CPU.Build.0 = Release|Any CPU
		{73C45FAD-109D-418B-9AFC-9EE34692DA91}.Debug|Any CPU.ActiveCfg = Debug|Any CPU
		{73C45FAD-109D-418B-9AFC-9EE34692DA91}.Debug|Any CPU.Build.0 = Debug|Any CPU
		{73C45FAD-109D-418B-9AFC-9EE34692DA91}.Release|Any CPU.ActiveCfg = Release|Any CPU
		{73C45FAD-109D-418B-9AFC-9EE34692DA91}.Release|Any CPU.Build.0 = Release|Any CPU
	EndGlobalSection
	GlobalSection(SolutionProperties) = preSolution
		HideSolutionNode = FALSE
	EndGlobalSection
	GlobalSection(NestedProjects) = preSolution
		{73C45FAD-109D-418B-9AFC-9EE34692DA91} = {02EA681E-C7D8-13C7-8484-4AC65E1B71E8}
	EndGlobalSection
	GlobalSection(ExtensibilityGlobals) = postSolution
		SolutionGuid = {7BD89A4F-8B6D-463A-BE28-603906C9E3E7}
	EndGlobalSection
EndGlobal
